
Microsoft Visual Studio Solution File, Format Version 12.00
# Visual Studio Version 16
VisualStudioVersion = 16.0.31729.503
MinimumVisualStudioVersion = 10.0.40219.1
Project("{9A19103F-16F7-4668-BE54-9A1E7A4F7556}") = "PromocionesAPI", "PromocionesAPI.csproj", "{02770A84-36CC-4BF1-A1D0-5A6781880BF7}"
EndProject
Project("{E53339B2-1760-4266-BCC7-CA923CBCF16C}") = "docker-compose", "docker-compose.dcproj", "{8BA9AE93-CB26-4C7F-8A6C-6DBD03C926CB}"
EndProject
Global
	GlobalSection(SolutionConfigurationPlatforms) = preSolution
		Debug|Any CPU = Debug|Any CPU
		Release|Any CPU = Release|Any CPU
	EndGlobalSection
	GlobalSection(ProjectConfigurationPlatforms) = postSolution
		{02770A84-36CC-4BF1-A1D0-5A6781880BF7}.Debug|Any CPU.ActiveCfg = Debug|Any CPU
		{02770A84-36CC-4BF1-A1D0-5A6781880BF7}.Debug|Any CPU.Build.0 = Debug|Any CPU
		{02770A84-36CC-4BF1-A1D0-5A6781880BF7}.Release|Any CPU.ActiveCfg = Release|Any CPU
		{02770A84-36CC-4BF1-A1D0-5A6781880BF7}.Release|Any CPU.Build.0 = Release|Any CPU
		{8BA9AE93-CB26-4C7F-8A6C-6DBD03C926CB}.Debug|Any CPU.ActiveCfg = Debug|Any CPU
		{8BA9AE93-CB26-4C7F-8A6C-6DBD03C926CB}.Debug|Any CPU.Build.0 = Debug|Any CPU
		{8BA9AE93-CB26-4C7F-8A6C-6DBD03C926CB}.Release|Any CPU.ActiveCfg = Release|Any CPU
		{8BA9AE93-CB26-4C7F-8A6C-6DBD03C926CB}.Release|Any CPU.Build.0 = Release|Any CPU
	EndGlobalSection
	GlobalSection(SolutionProperties) = preSolution
		HideSolutionNode = FALSE
	EndGlobalSection
	GlobalSection(ExtensibilityGlobals) = postSolution
		SolutionGuid = {7E4FCD1C-8EB2-4771-866F-757FB9DA6E5E}
	EndGlobalSection
EndGlobal
